// !$*UTF8*$!
{
	archiveVersion = 1;
	classes = {
	};
	objectVersion = 50;
	objects = {

/* Begin PBXBuildFile section */
		FB6E5B9F226CAC4C00D3D348 /* AppDelegate.swift in Sources */ = {isa = PBXBuildFile; fileRef = FB6E5B9E226CAC4C00D3D348 /* AppDelegate.swift */; };
		FB6E5BA1226CAC4C00D3D348 /* ViewController.swift in Sources */ = {isa = PBXBuildFile; fileRef = FB6E5BA0226CAC4C00D3D348 /* ViewController.swift */; };
		FB6E5BA4226CAC4C00D3D348 /* Main.storyboard in Resources */ = {isa = PBXBuildFile; fileRef = FB6E5BA2226CAC4C00D3D348 /* Main.storyboard */; };
		FB6E5BA6226CAC4D00D3D348 /* Assets.xcassets in Resources */ = {isa = PBXBuildFile; fileRef = FB6E5BA5226CAC4D00D3D348 /* Assets.xcassets */; };
		FB6E5BA9226CAC4E00D3D348 /* LaunchScreen.storyboard in Resources */ = {isa = PBXBuildFile; fileRef = FB6E5BA7226CAC4E00D3D348 /* LaunchScreen.storyboard */; };
		FB6E5BB1226CACB600D3D348 /* GestureVisualizer.swift in Sources */ = {isa = PBXBuildFile; fileRef = FB6E5BB0226CACB600D3D348 /* GestureVisualizer.swift */; };
/* End PBXBuildFile section */

/* Begin PBXFileReference section */
		FB6E5B9B226CAC4C00D3D348 /* GestureVisualization.app */ = {isa = PBXFileReference; explicitFileType = wrapper.application; includeInIndex = 0; path = GestureVisualization.app; sourceTree = BUILT_PRODUCTS_DIR; };
		FB6E5B9E226CAC4C00D3D348 /* AppDelegate.swift */ = {isa = PBXFileReference; lastKnownFileType = sourcecode.swift; path = AppDelegate.swift; sourceTree = "<group>"; };
		FB6E5BA0226CAC4C00D3D348 /* ViewController.swift */ = {isa = PBXFileReference; lastKnownFileType = sourcecode.swift; path = ViewController.swift; sourceTree = "<group>"; };
		FB6E5BA3226CAC4C00D3D348 /* Base */ = {isa = PBXFileReference; lastKnownFileType = file.storyboard; name = Base; path = Base.lproj/Main.storyboard; sourceTree = "<group>"; };
		FB6E5BA5226CAC4D00D3D348 /* Assets.xcassets */ = {isa = PBXFileReference; lastKnownFileType = folder.assetcatalog; path = Assets.xcassets; sourceTree = "<group>"; };
		FB6E5BA8226CAC4E00D3D348 /* Base */ = {isa = PBXFileReference; lastKnownFileType = file.storyboard; name = Base; path = Base.lproj/LaunchScreen.storyboard; sourceTree = "<group>"; };
		FB6E5BAA226CAC4E00D3D348 /* Info.plist */ = {isa = PBXFileReference; lastKnownFileType = text.plist.xml; path = Info.plist; sourceTree = "<group>"; };
		FB6E5BB0226CACB600D3D348 /* GestureVisualizer.swift */ = {isa = PBXFileReference; lastKnownFileType = sourcecode.swift; path = GestureVisualizer.swift; sourceTree = "<group>"; };
/* End PBXFileReference section */

/* Begin PBXFrameworksBuildPhase section */
		FB6E5B98226CAC4C00D3D348 /* Frameworks */ = {
			isa = PBXFrameworksBuildPhase;
			buildActionMask = 2147483647;
			files = (
			);
			runOnlyForDeploymentPostprocessing = 0;
		};
/* End PBXFrameworksBuildPhase section */

/* Begin PBXGroup section */
		FB6E5B92226CAC4C00D3D348 = {
			isa = PBXGroup;
			children = (
				FB6E5B9D226CAC4C00D3D348 /* GestureVisualization */,
				FB6E5B9C226CAC4C00D3D348 /* Products */,
			);
			sourceTree = "<group>";
		};
		FB6E5B9C226CAC4C00D3D348 /* Products */ = {
			isa = PBXGroup;
			children = (
				FB6E5B9B226CAC4C00D3D348 /* GestureVisualization.app */,
			);
			name = Products;
			sourceTree = "<group>";
		};
		FB6E5B9D226CAC4C00D3D348 /* GestureVisualization */ = {
			isa = PBXGroup;
			children = (
				FB6E5B9E226CAC4C00D3D348 /* AppDelegate.swift */,
				FB6E5BA0226CAC4C00D3D348 /* ViewController.swift */,
				FB6E5BA2226CAC4C00D3D348 /* Main.storyboard */,
				FB6E5BA5226CAC4D00D3D348 /* Assets.xcassets */,
				FB6E5BA7226CAC4E00D3D348 /* LaunchScreen.storyboard */,
				FB6E5BAA226CAC4E00D3D348 /* Info.plist */,
				FB6E5BB0226CACB600D3D348 /* GestureVisualizer.swift */,
			);
			path = GestureVisualization;
			sourceTree = "<group>";
		};
/* End PBXGroup section */

/* Begin PBXNativeTarget section */
		FB6E5B9A226CAC4C00D3D348 /* GestureVisualization */ = {
			isa = PBXNativeTarget;
			buildConfigurationList = FB6E5BAD226CAC4E00D3D348 /* Build configuration list for PBXNativeTarget "GestureVisualization" */;
			buildPhases = (
				FB6E5B97226CAC4C00D3D348 /* Sources */,
				FB6E5B98226CAC4C00D3D348 /* Frameworks */,
				FB6E5B99226CAC4C00D3D348 /* Resources */,
			);
			buildRules = (
			);
			dependencies = (
			);
			name = GestureVisualization;
			productName = GestureVisualization;
			productReference = FB6E5B9B226CAC4C00D3D348 /* GestureVisualization.app */;
			productType = "com.apple.product-type.application";
		};
/* End PBXNativeTarget section */

/* Begin PBXProject section */
		FB6E5B93226CAC4C00D3D348 /* Project object */ = {
			isa = PBXProject;
			attributes = {
				LastSwiftUpdateCheck = 1020;
				LastUpgradeCheck = 1020;
				ORGANIZATIONNAME = "The Omni Group";
				TargetAttributes = {
					FB6E5B9A226CAC4C00D3D348 = {
						CreatedOnToolsVersion = 10.2.1;
					};
				};
			};
			buildConfigurationList = FB6E5B96226CAC4C00D3D348 /* Build configuration list for PBXProject "GestureVisualization" */;
			compatibilityVersion = "Xcode 9.3";
			developmentRegion = en;
			hasScannedForEncodings = 0;
			knownRegions = (
				en,
				Base,
			);
			mainGroup = FB6E5B92226CAC4C00D3D348;
			productRefGroup = FB6E5B9C226CAC4C00D3D348 /* Products */;
			projectDirPath = "";
			projectRoot = "";
			targets = (
				FB6E5B9A226CAC4C00D3D348 /* GestureVisualization */,
			);
		};
/* End PBXProject section */

/* Begin PBXResourcesBuildPhase section */
		FB6E5B99226CAC4C00D3D348 /* Resources */ = {
			isa = PBXResourcesBuildPhase;
			buildActionMask = 2147483647;
			files = (
				FB6E5BA9226CAC4E00D3D348 /* LaunchScreen.storyboard in Resources */,
				FB6E5BA6226CAC4D00D3D348 /* Assets.xcassets in Resources */,
				FB6E5BA4226CAC4C00D3D348 /* Main.storyboard in Resources */,
			);
			runOnlyForDeploymentPostprocessing = 0;
		};
/* End PBXResourcesBuildPhase section */

/* Begin PBXSourcesBuildPhase section */
		FB6E5B97226CAC4C00D3D348 /* Sources */ = {
			isa = PBXSourcesBuildPhase;
			buildActionMask = 2147483647;
			files = (
				FB6E5BA1226CAC4C00D3D348 /* ViewController.swift in Sources */,
				FB6E5B9F226CAC4C00D3D348 /* AppDelegate.swift in Sources */,
				FB6E5BB1226CACB600D3D348 /* GestureVisualizer.swift in Sources */,
			);
			runOnlyForDeploymentPostprocessing = 0;
		};
/* End PBXSourcesBuildPhase section */

/* Begin PBXVariantGroup section */
		FB6E5BA2226CAC4C00D3D348 /* Main.storyboard */ = {
			isa = PBXVariantGroup;
			children = (
				FB6E5BA3226CAC4C00D3D348 /* Base */,
			);
			name = Main.storyboard;
			sourceTree = "<group>";
		};
		FB6E5BA7226CAC4E00D3D348 /* LaunchScreen.storyboard */ = {
			isa = PBXVariantGroup;
			children = (
				FB6E5BA8226CAC4E00D3D348 /* Base */,
			);
			name = LaunchScreen.storyboard;
			sourceTree = "<group>";
		};
/* End PBXVariantGroup section */

/* Begin XCBuildConfiguration section */
		FB6E5BAB226CAC4E00D3D348 /* Debug */ = {
			isa = XCBuildConfiguration;
			buildSettings = {
				ALWAYS_SEARCH_USER_PATHS = NO;
				CLANG_ANALYZER_NONNULL = YES;
				CLANG_ANALYZER_NUMBER_OBJECT_CONVERSION = YES_AGGRESSIVE;
				CLANG_CXX_LANGUAGE_STANDARD = "gnu++14";
				CLANG_CXX_LIBRARY = "libc++";
				CLANG_ENABLE_MODULES = YES;
				CLANG_ENABLE_OBJC_ARC = YES;
				CLANG_ENABLE_OBJC_WEAK = YES;
				CLANG_WARN_BLOCK_CAPTURE_AUTORELEASING = YES;
				CLANG_WARN_BOOL_CONVERSION = YES;
				CLANG_WARN_COMMA = YES;
				CLANG_WARN_CONSTANT_CONVERSION = YES;
				CLANG_WARN_DEPRECATED_OBJC_IMPLEMENTATIONS = YES;
				CLANG_WARN_DIRECT_OBJC_ISA_USAGE = YES_ERROR;
				CLANG_WARN_DOCUMENTATION_COMMENTS = YES;
				CLANG_WARN_EMPTY_BODY = YES;
				CLANG_WARN_ENUM_CONVERSION = YES;
				CLANG_WARN_INFINITE_RECURSION = YES;
				CLANG_WARN_INT_CONVERSION = YES;
				CLANG_WARN_NON_LITERAL_NULL_CONVERSION = YES;
				CLANG_WARN_OBJC_IMPLICIT_RETAIN_SELF = YES;
				CLANG_WARN_OBJC_LITERAL_CONVERSION = YES;
				CLANG_WARN_OBJC_ROOT_CLASS = YES_ERROR;
				CLANG_WARN_RANGE_LOOP_ANALYSIS = YES;
				CLANG_WARN_STRICT_PROTOTYPES = YES;
				CLANG_WARN_SUSPICIOUS_MOVE = YES;
				CLANG_WARN_UNGUARDED_AVAILABILITY = YES_AGGRESSIVE;
				CLANG_WARN_UNREACHABLE_CODE = YES;
				CLANG_WARN__DUPLICATE_METHOD_MATCH = YES;
				CODE_SIGN_IDENTITY = "iPhone Developer";
				COPY_PHASE_STRIP = NO;
				DEBUG_INFORMATION_FORMAT = dwarf;
				ENABLE_STRICT_OBJC_MSGSEND = YES;
				ENABLE_TESTABILITY = YES;
				GCC_C_LANGUAGE_STANDARD = gnu11;
				GCC_DYNAMIC_NO_PIC = NO;
				GCC_NO_COMMON_BLOCKS = YES;
				GCC_OPTIMIZATION_LEVEL = 0;
				GCC_PREPROCESSOR_DEFINITIONS = (
					"DEBUG=1",
					"$(inherited)",
				);
				GCC_WARN_64_TO_32_BIT_CONVERSION = YES;
				GCC_WARN_ABOUT_RETURN_TYPE = YES_ERROR;
				GCC_WARN_UNDECLARED_SELECTOR = YES;
				GCC_WARN_UNINITIALIZED_AUTOS = YES_AGGRESSIVE;
				GCC_WARN_UNUSED_FUNCTION = YES;
				GCC_WARN_UNUSED_VARIABLE = YES;
				IPHONEOS_DEPLOYMENT_TARGET = 12.2;
				MTL_ENABLE_DEBUG_INFO = INCLUDE_SOURCE;
				MTL_FAST_MATH = YES;
				ONLY_ACTIVE_ARCH = YES;
				SDKROOT = iphoneos;
				SWIFT_ACTIVE_COMPILATION_CONDITIONS = DEBUG;
				SWIFT_OPTIMIZATION_LEVEL = "-Onone";
			};
			name = Debug;
		};
		FB6E5BAC226CAC4E00D3D348 /* Release */ = {
			isa = XCBuildConfiguration;
			buildSettings = {
				ALWAYS_SEARCH_USER_PATHS = NO;
				CLANG_ANALYZER_NONNULL = YES;
				CLANG_ANALYZER_NUMBER_OBJECT_CONVERSION = YES_AGGRESSIVE;
				CLANG_CXX_LANGUAGE_STANDARD = "gnu++14";
				CLANG_CXX_LIBRARY = "libc++";
				CLANG_ENABLE_MODULES = YES;
				CLANG_ENABLE_OBJC_ARC = YES;
				CLANG_ENABLE_OBJC_WEAK = YES;
				CLANG_WARN_BLOCK_CAPTURE_AUTORELEASING = YES;
				CLANG_WARN_BOOL_CONVERSION = YES;
				CLANG_WARN_COMMA = YES;
				CLANG_WARN_CONSTANT_CONVERSION = YES;
				CLANG_WARN_DEPRECATED_OBJC_IMPLEMENTATIONS = YES;
				CLANG_WARN_DIRECT_OBJC_ISA_USAGE = YES_ERROR;
				CLANG_WARN_DOCUMENTATION_COMMENTS = YES;
				CLANG_WARN_EMPTY_BODY = YES;
				CLANG_WARN_ENUM_CONVERSION = YES;
				CLANG_WARN_INFINITE_RECURSION = YES;
				CLANG_WARN_INT_CONVERSION = YES;
				CLANG_WARN_NON_LITERAL_NULL_CONVERSION = YES;
				CLANG_WARN_OBJC_IMPLICIT_RETAIN_SELF = YES;
				CLANG_WARN_OBJC_LITERAL_CONVERSION = YES;
				CLANG_WARN_OBJC_ROOT_CLASS = YES_ERROR;
				CLANG_WARN_RANGE_LOOP_ANALYSIS = YES;
				CLANG_WARN_STRICT_PROTOTYPES = YES;
				CLANG_WARN_SUSPICIOUS_MOVE = YES;
				CLANG_WARN_UNGUARDED_AVAILABILITY = YES_AGGRESSIVE;
				CLANG_WARN_UNREACHABLE_CODE = YES;
				CLANG_WARN__DUPLICATE_METHOD_MATCH = YES;
				CODE_SIGN_IDENTITY = "iPhone Developer";
				COPY_PHASE_STRIP = NO;
				DEBUG_INFORMATION_FORMAT = "dwarf-with-dsym";
				ENABLE_NS_ASSERTIONS = NO;
				ENABLE_STRICT_OBJC_MSGSEND = YES;
				GCC_C_LANGUAGE_STANDARD = gnu11;
				GCC_NO_COMMON_BLOCKS = YES;
				GCC_WARN_64_TO_32_BIT_CONVERSION = YES;
				GCC_WARN_ABOUT_RETURN_TYPE = YES_ERROR;
				GCC_WARN_UNDECLARED_SELECTOR = YES;
				GCC_WARN_UNINITIALIZED_AUTOS = YES_AGGRESSIVE;
				GCC_WARN_UNUSED_FUNCTION = YES;
				GCC_WARN_UNUSED_VARIABLE = YES;
				IPHONEOS_DEPLOYMENT_TARGET = 12.2;
				MTL_ENABLE_DEBUG_INFO = NO;
				MTL_FAST_MATH = YES;
				SDKROOT = iphoneos;
				SWIFT_COMPILATION_MODE = wholemodule;
				SWIFT_OPTIMIZATION_LEVEL = "-O";
				VALIDATE_PRODUCT = YES;
			};
			name = Release;
		};
		FB6E5BAE226CAC4E00D3D348 /* Debug */ = {
			isa = XCBuildConfiguration;
			buildSettings = {
				ASSETCATALOG_COMPILER_APPICON_NAME = AppIcon;
				CODE_SIGN_STYLE = Automatic;
				INFOPLIST_FILE = GestureVisualization/Info.plist;
				LD_RUNPATH_SEARCH_PATHS = (
					"$(inherited)",
					"@executable_path/Frameworks",
				);
				PRODUCT_BUNDLE_IDENTIFIER = com.omnigroup.GestureVisualization;
				PRODUCT_NAME = "$(TARGET_NAME)";
				SWIFT_VERSION = 5.0;
				TARGETED_DEVICE_FAMILY = "1,2";
			};
			name = Debug;
		};
		FB6E5BAF226CAC4E00D3D348 /* Release */ = {
			isa = XCBuildConfiguration;
			buildSettings = {
				ASSETCATALOG_COMPILER_APPICON_NAME = AppIcon;
				CODE_SIGN_STYLE = Automatic;
				INFOPLIST_FILE = GestureVisualization/Info.plist;
				LD_RUNPATH_SEARCH_PATHS = (
					"$(inherited)",
					"@executable_path/Frameworks",
				);
				PRODUCT_BUNDLE_IDENTIFIER = com.omnigroup.GestureVisualization;
				PRODUCT_NAME = "$(TARGET_NAME)";
				SWIFT_VERSION = 5.0;
				TARGETED_DEVICE_FAMILY = "1,2";
			};
			name = Release;
		};
/* End XCBuildConfiguration section */

/* Begin XCConfigurationList section */
		FB6E5B96226CAC4C00D3D348 /* Build configuration list for PBXProject "GestureVisualization" */ = {
			isa = XCConfigurationList;
			buildConfigurations = (
				FB6E5BAB226CAC4E00D3D348 /* Debug */,
				FB6E5BAC226CAC4E00D3D348 /* Release */,
			);
			defaultConfigurationIsVisible = 0;
			defaultConfigurationName = Release;
		};
		FB6E5BAD226CAC4E00D3D348 /* Build configuration list for PBXNativeTarget "GestureVisualization" */ = {
			isa = XCConfigurationList;
			buildConfigurations = (
				FB6E5BAE226CAC4E00D3D348 /* Debug */,
				FB6E5BAF226CAC4E00D3D348 /* Release */,
			);
			defaultConfigurationIsVisible = 0;
			defaultConfigurationName = Release;
		};
/* End XCConfigurationList section */
	};
	rootObject = FB6E5B93226CAC4C00D3D348 /* Project object */;
}
